
Microsoft Visual Studio Solution File, Format Version 12.00
# Visual Studio Version 17
VisualStudioVersion = 17.7.34221.43
MinimumVisualStudioVersion = 10.0.40219.1
Project("{2150E333-8FDC-42A3-9474-1A3956D46DE8}") = "Task0", "Task0", "{29AC3D34-7741-4FE3-885D-31F493C53609}"
EndProject
Project("{2150E333-8FDC-42A3-9474-1A3956D46DE8}") = "Task1", "Task1", "{183D5D86-8703-4D5B-9772-F1AC846CFAD1}"
EndProject
Project("{FAE04EC0-301F-11D3-BF4B-00C04F79EFBC}") = "Tyuiu.AbdullinAI.Sprint5.Task0.V23", "Tyuiu.AbdullinAI.Sprint5.Task0.V23\Tyuiu.AbdullinAI.Sprint5.Task0.V23.csproj", "{A1479735-9EE4-42F1-BA85-26E3FFD67219}"
EndProject
Project("{FAE04EC0-301F-11D3-BF4B-00C04F79EFBC}") = "Tyuiu.AbdullinAI.Sprint5.Task0.V23.Lib", "Tyuiu.AbdullinAI.Sprint5.Task0.V23.Lib\Tyuiu.AbdullinAI.Sprint5.Task0.V23.Lib.csproj", "{5A66CAEC-7B06-4EED-8097-C76EB7E66C72}"
EndProject
Project("{FAE04EC0-301F-11D3-BF4B-00C04F79EFBC}") = "Tyuiu.AbdullinAI.Sprint5.Task0.V23.Test", "Tyuiu.AbdullinAI.Sprint5.Task0.V23.Test\Tyuiu.AbdullinAI.Sprint5.Task0.V23.Test.csproj", "{3B799E0E-1CB2-4949-B039-02C8036F7A5A}"
EndProject
Project("{FAE04EC0-301F-11D3-BF4B-00C04F79EFBC}") = "Tyuiu.AbdullinAI.Sprint5.Task1.V26", "Tyuiu.AbdullinAI.Sprint5.Task1.V26\Tyuiu.AbdullinAI.Sprint5.Task1.V26.csproj", "{8F10CB94-10EC-453E-BBD4-BBE42D76ECBA}"
EndProject
Project("{FAE04EC0-301F-11D3-BF4B-00C04F79EFBC}") = "Tyuiu.AbdullinAI.Sprint5.Task1.V26.Lib", "Tyuiu.AbdullinAI.Sprint5.Task1.V26.Lib\Tyuiu.AbdullinAI.Sprint5.Task1.V26.Lib.csproj", "{427B5B4B-8B07-4FEF-83E7-2CAF9E75B25F}"
EndProject
Project("{FAE04EC0-301F-11D3-BF4B-00C04F79EFBC}") = "Tyuiu.AbdullinAI.Sprint5.Task1.V26.Test", "Tyuiu.AbdullinAI.Sprint5.Task1.V26.Test\Tyuiu.AbdullinAI.Sprint5.Task1.V26.Test.csproj", "{67CDED1C-EA5F-4994-ABF6-0BF88C8F62A3}"
EndProject
Project("{2150E333-8FDC-42A3-9474-1A3956D46DE8}") = "Task2", "Task2", "{60B1676C-9BC6-46F0-82DD-D6A5FD3A3E1D}"
EndProject
Project("{FAE04EC0-301F-11D3-BF4B-00C04F79EFBC}") = "Tyuiu.AbdullinAI.Sprint5.Task2.V25", "Tyuiu.AbdullinAI.Sprint5.Task2.V25\Tyuiu.AbdullinAI.Sprint5.Task2.V25.csproj", "{B55CE71E-F7A7-4627-B23D-CC69394F82F9}"
EndProject
Project("{FAE04EC0-301F-11D3-BF4B-00C04F79EFBC}") = "Tyuiu.AbdullinAI.Sprint5.Task2.V25.Lib", "Tyuiu.AbdullinAI.Sprint5.Task2.V25.Lib\Tyuiu.AbdullinAI.Sprint5.Task2.V25.Lib.csproj", "{DB115245-269E-47E9-824F-528BE9A17877}"
EndProject
Project("{FAE04EC0-301F-11D3-BF4B-00C04F79EFBC}") = "Tyuiu.AbdullinAI.Sprint5.Task2.V25.Test", "Tyuiu.AbdullinAI.Sprint5.Task2.V25.Test\Tyuiu.AbdullinAI.Sprint5.Task2.V25.Test.csproj", "{44953E8C-61F9-460B-BE1E-D60B1C02154C}"
EndProject
Project("{2150E333-8FDC-42A3-9474-1A3956D46DE8}") = "Task3", "Task3", "{5CB18598-7540-4B57-8ADB-5B245E2277E4}"
EndProject
Project("{FAE04EC0-301F-11D3-BF4B-00C04F79EFBC}") = "Tyuiu.AbdullinAI.Sprint5.Task3.V17", "Tyuiu.AbdullinAI.Sprint5.Task3.V17\Tyuiu.AbdullinAI.Sprint5.Task3.V17.csproj", "{95E1CF6E-A99C-4663-AFA9-0ACEBA5912F3}"
EndProject
Project("{FAE04EC0-301F-11D3-BF4B-00C04F79EFBC}") = "Tyuiu.AbdullinAI.Sprint5.Task3.V17.Lib", "Tyuiu.AbdullinAI.Sprint5.Task3.V17.Lib\Tyuiu.AbdullinAI.Sprint5.Task3.V17.Lib.csproj", "{E8183C19-3061-4052-9259-D251D28A036D}"
EndProject
Project("{FAE04EC0-301F-11D3-BF4B-00C04F79EFBC}") = "Tyuiu.AbdullinAI.Sprint5.Task3.V17.Test", "Tyuiu.AbdullinAI.Sprint5.Task3.V17.Test\Tyuiu.AbdullinAI.Sprint5.Task3.V17.Test.csproj", "{F050546F-E66D-4761-B501-18C58FA2A9DB}"
EndProject
Project("{2150E333-8FDC-42A3-9474-1A3956D46DE8}") = "Task4", "Task4", "{9C59EE8E-2216-465B-BD49-8A55000877B4}"
EndProject
Project("{FAE04EC0-301F-11D3-BF4B-00C04F79EFBC}") = "Tyuiu.AbdullinAI.Sprint5.Task4.V6", "Tyuiu.AbdullinAI.Sprint5.Task4.V6\Tyuiu.AbdullinAI.Sprint5.Task4.V6.csproj", "{3E5BFD49-931C-4EF5-9A5E-9898686C098E}"
EndProject
Project("{FAE04EC0-301F-11D3-BF4B-00C04F79EFBC}") = "Tyuiu.AbdullinAI.Sprint5.Task4.V6.Lib", "Tyuiu.AbdullinAI.Sprint5.Task4.V6.Lib\Tyuiu.AbdullinAI.Sprint5.Task4.V6.Lib.csproj", "{D7168B4E-7238-477D-ABA3-C1E83B127A6A}"
EndProject
Project("{FAE04EC0-301F-11D3-BF4B-00C04F79EFBC}") = "Tyuiu.AbdullinAI.Sprint5.Task4.V6.Test", "Tyuiu.AbdullinAI.Sprint5.Task4.V6.Test\Tyuiu.AbdullinAI.Sprint5.Task4.V6.Test.csproj", "{FD4A29EB-96E5-4A9F-B8DB-2A3E50D585D9}"
EndProject
Project("{2150E333-8FDC-42A3-9474-1A3956D46DE8}") = "Task5", "Task5", "{85984D31-3B03-47A7-BB3F-C1946F01E221}"
EndProject
Project("{FAE04EC0-301F-11D3-BF4B-00C04F79EFBC}") = "Tyuiu.AbdullinAI.Sprint5.Task5.V29", "Tyuiu.AbdullinAI.Sprint5.Task5.V29\Tyuiu.AbdullinAI.Sprint5.Task5.V29.csproj", "{5808F006-24AE-4457-ABB6-E8951AD20CB0}"
EndProject
Project("{FAE04EC0-301F-11D3-BF4B-00C04F79EFBC}") = "Tyuiu.AbdullinAI.Sprint5.Task5.V29.Lib", "Tyuiu.AbdullinAI.Sprint5.Task5.V29.Lib\Tyuiu.AbdullinAI.Sprint5.Task5.V29.Lib.csproj", "{31181518-F388-4CDC-8171-CB335FDCCEC1}"
EndProject
Project("{FAE04EC0-301F-11D3-BF4B-00C04F79EFBC}") = "Tyuiu.AbdullinAI.Sprint5.Task5.V29.Test", "Tyuiu.AbdullinAI.Sprint5.Task5.V29.Test\Tyuiu.AbdullinAI.Sprint5.Task5.V29.Test.csproj", "{26750F71-D7D7-4470-9F1D-F6A2B5DFA4DD}"
EndProject
Project("{2150E333-8FDC-42A3-9474-1A3956D46DE8}") = "Task6", "Task6", "{18AD8906-40F5-477F-993B-D1C1903C8958}"
EndProject
Project("{FAE04EC0-301F-11D3-BF4B-00C04F79EFBC}") = "Tyuiu.AbdullinAI.Sprint5.Task6.V23", "Tyuiu.AbdullinAI.Sprint5.Task6.V23\Tyuiu.AbdullinAI.Sprint5.Task6.V23.csproj", "{08C5DD34-8D53-40FA-A722-745311A9CC03}"
EndProject
Project("{FAE04EC0-301F-11D3-BF4B-00C04F79EFBC}") = "Tyuiu.AbdullinAI.Sprint5.Task6.V23.Lib", "Tyuiu.AbdullinAI.Sprint5.Task6.V23.Lib\Tyuiu.AbdullinAI.Sprint5.Task6.V23.Lib.csproj", "{94F61F1A-4E99-4EC7-8F0E-DEC467B4108B}"
EndProject
Project("{FAE04EC0-301F-11D3-BF4B-00C04F79EFBC}") = "Tyuiu.AbdullinAI.Sprint5.Task6.V23.Test", "Tyuiu.AbdullinAI.Sprint5.Task6.V23.Test\Tyuiu.AbdullinAI.Sprint5.Task6.V23.Test.csproj", "{74E08CAF-5515-4114-81D2-DBD55069C80D}"
EndProject
Global
	GlobalSection(SolutionConfigurationPlatforms) = preSolution
		Debug|Any CPU = Debug|Any CPU
		Release|Any CPU = Release|Any CPU
	EndGlobalSection
	GlobalSection(ProjectConfigurationPlatforms) = postSolution
		{A1479735-9EE4-42F1-BA85-26E3FFD67219}.Debug|Any CPU.ActiveCfg = Debug|Any CPU
		{A1479735-9EE4-42F1-BA85-26E3FFD67219}.Debug|Any CPU.Build.0 = Debug|Any CPU
		{A1479735-9EE4-42F1-BA85-26E3FFD67219}.Release|Any CPU.ActiveCfg = Release|Any CPU
		{A1479735-9EE4-42F1-BA85-26E3FFD67219}.Release|Any CPU.Build.0 = Release|Any CPU
		{5A66CAEC-7B06-4EED-8097-C76EB7E66C72}.Debug|Any CPU.ActiveCfg = Debug|Any CPU
		{5A66CAEC-7B06-4EED-8097-C76EB7E66C72}.Debug|Any CPU.Build.0 = Debug|Any CPU
		{5A66CAEC-7B06-4EED-8097-C76EB7E66C72}.Release|Any CPU.ActiveCfg = Release|Any CPU
		{5A66CAEC-7B06-4EED-8097-C76EB7E66C72}.Release|Any CPU.Build.0 = Release|Any CPU
		{3B799E0E-1CB2-4949-B039-02C8036F7A5A}.Debug|Any CPU.ActiveCfg = Debug|Any CPU
		{3B799E0E-1CB2-4949-B039-02C8036F7A5A}.Debug|Any CPU.Build.0 = Debug|Any CPU
		{3B799E0E-1CB2-4949-B039-02C8036F7A5A}.Release|Any CPU.ActiveCfg = Release|Any CPU
		{3B799E0E-1CB2-4949-B039-02C8036F7A5A}.Release|Any CPU.Build.0 = Release|Any CPU
		{8F10CB94-10EC-453E-BBD4-BBE42D76ECBA}.Debug|Any CPU.ActiveCfg = Debug|Any CPU
		{8F10CB94-10EC-453E-BBD4-BBE42D76ECBA}.Debug|Any CPU.Build.0 = Debug|Any CPU
		{8F10CB94-10EC-453E-BBD4-BBE42D76ECBA}.Release|Any CPU.ActiveCfg = Release|Any CPU
		{8F10CB94-10EC-453E-BBD4-BBE42D76ECBA}.Release|Any CPU.Build.0 = Release|Any CPU
		{427B5B4B-8B07-4FEF-83E7-2CAF9E75B25F}.Debug|Any CPU.ActiveCfg = Debug|Any CPU
		{427B5B4B-8B07-4FEF-83E7-2CAF9E75B25F}.Debug|Any CPU.Build.0 = Debug|Any CPU
		{427B5B4B-8B07-4FEF-83E7-2CAF9E75B25F}.Release|Any CPU.ActiveCfg = Release|Any CPU
		{427B5B4B-8B07-4FEF-83E7-2CAF9E75B25F}.Release|Any CPU.Build.0 = Release|Any CPU
		{67CDED1C-EA5F-4994-ABF6-0BF88C8F62A3}.Debug|Any CPU.ActiveCfg = Debug|Any CPU
		{67CDED1C-EA5F-4994-ABF6-0BF88C8F62A3}.Debug|Any CPU.Build.0 = Debug|Any CPU
		{67CDED1C-EA5F-4994-ABF6-0BF88C8F62A3}.Release|Any CPU.ActiveCfg = Release|Any CPU
		{67CDED1C-EA5F-4994-ABF6-0BF88C8F62A3}.Release|Any CPU.Build.0 = Release|Any CPU
		{B55CE71E-F7A7-4627-B23D-CC69394F82F9}.Debug|Any CPU.ActiveCfg = Debug|Any CPU
		{B55CE71E-F7A7-4627-B23D-CC69394F82F9}.Debug|Any CPU.Build.0 = Debug|Any CPU
		{B55CE71E-F7A7-4627-B23D-CC69394F82F9}.Release|Any CPU.ActiveCfg = Release|Any CPU
		{B55CE71E-F7A7-4627-B23D-CC69394F82F9}.Release|Any CPU.Build.0 = Release|Any CPU
		{DB115245-269E-47E9-824F-528BE9A17877}.Debug|Any CPU.ActiveCfg = Debug|Any CPU
		{DB115245-269E-47E9-824F-528BE9A17877}.Debug|Any CPU.Build.0 = Debug|Any CPU
		{DB115245-269E-47E9-824F-528BE9A17877}.Release|Any CPU.ActiveCfg = Release|Any CPU
		{DB115245-269E-47E9-824F-528BE9A17877}.Release|Any CPU.Build.0 = Release|Any CPU
		{44953E8C-61F9-460B-BE1E-D60B1C02154C}.Debug|Any CPU.ActiveCfg = Debug|Any CPU
		{44953E8C-61F9-460B-BE1E-D60B1C02154C}.Debug|Any CPU.Build.0 = Debug|Any CPU
		{44953E8C-61F9-460B-BE1E-D60B1C02154C}.Release|Any CPU.ActiveCfg = Release|Any CPU
		{44953E8C-61F9-460B-BE1E-D60B1C02154C}.Release|Any CPU.Build.0 = Release|Any CPU
		{95E1CF6E-A99C-4663-AFA9-0ACEBA5912F3}.Debug|Any CPU.ActiveCfg = Debug|Any CPU
		{95E1CF6E-A99C-4663-AFA9-0ACEBA5912F3}.Debug|Any CPU.Build.0 = Debug|Any CPU
		{95E1CF6E-A99C-4663-AFA9-0ACEBA5912F3}.Release|Any CPU.ActiveCfg = Release|Any CPU
		{95E1CF6E-A99C-4663-AFA9-0ACEBA5912F3}.Release|Any CPU.Build.0 = Release|Any CPU
		{E8183C19-3061-4052-9259-D251D28A036D}.Debug|Any CPU.ActiveCfg = Debug|Any CPU
		{E8183C19-3061-4052-9259-D251D28A036D}.Debug|Any CPU.Build.0 = Debug|Any CPU
		{E8183C19-3061-4052-9259-D251D28A036D}.Release|Any CPU.ActiveCfg = Release|Any CPU
		{E8183C19-3061-4052-9259-D251D28A036D}.Release|Any CPU.Build.0 = Release|Any CPU
		{F050546F-E66D-4761-B501-18C58FA2A9DB}.Debug|Any CPU.ActiveCfg = Debug|Any CPU
		{F050546F-E66D-4761-B501-18C58FA2A9DB}.Debug|Any CPU.Build.0 = Debug|Any CPU
		{F050546F-E66D-4761-B501-18C58FA2A9DB}.Release|Any CPU.ActiveCfg = Release|Any CPU
		{F050546F-E66D-4761-B501-18C58FA2A9DB}.Release|Any CPU.Build.0 = Release|Any CPU
		{3E5BFD49-931C-4EF5-9A5E-9898686C098E}.Debug|Any CPU.ActiveCfg = Debug|Any CPU
		{3E5BFD49-931C-4EF5-9A5E-9898686C098E}.Debug|Any CPU.Build.0 = Debug|Any CPU
		{3E5BFD49-931C-4EF5-9A5E-9898686C098E}.Release|Any CPU.ActiveCfg = Release|Any CPU
		{3E5BFD49-931C-4EF5-9A5E-9898686C098E}.Release|Any CPU.Build.0 = Release|Any CPU
		{D7168B4E-7238-477D-ABA3-C1E83B127A6A}.Debug|Any CPU.ActiveCfg = Debug|Any CPU
		{D7168B4E-7238-477D-ABA3-C1E83B127A6A}.Debug|Any CPU.Build.0 = Debug|Any CPU
		{D7168B4E-7238-477D-ABA3-C1E83B127A6A}.Release|Any CPU.ActiveCfg = Release|Any CPU
		{D7168B4E-7238-477D-ABA3-C1E83B127A6A}.Release|Any CPU.Build.0 = Release|Any CPU
		{FD4A29EB-96E5-4A9F-B8DB-2A3E50D585D9}.Debug|Any CPU.ActiveCfg = Debug|Any CPU
		{FD4A29EB-96E5-4A9F-B8DB-2A3E50D585D9}.Debug|Any CPU.Build.0 = Debug|Any CPU
		{FD4A29EB-96E5-4A9F-B8DB-2A3E50D585D9}.Release|Any CPU.ActiveCfg = Release|Any CPU
		{FD4A29EB-96E5-4A9F-B8DB-2A3E50D585D9}.Release|Any CPU.Build.0 = Release|Any CPU
		{5808F006-24AE-4457-ABB6-E8951AD20CB0}.Debug|Any CPU.ActiveCfg = Debug|Any CPU
		{5808F006-24AE-4457-ABB6-E8951AD20CB0}.Debug|Any CPU.Build.0 = Debug|Any CPU
		{5808F006-24AE-4457-ABB6-E8951AD20CB0}.Release|Any CPU.ActiveCfg = Release|Any CPU
		{5808F006-24AE-4457-ABB6-E8951AD20CB0}.Release|Any CPU.Build.0 = Release|Any CPU
		{31181518-F388-4CDC-8171-CB335FDCCEC1}.Debug|Any CPU.ActiveCfg = Debug|Any CPU
		{31181518-F388-4CDC-8171-CB335FDCCEC1}.Debug|Any CPU.Build.0 = Debug|Any CPU
		{31181518-F388-4CDC-8171-CB335FDCCEC1}.Release|Any CPU.ActiveCfg = Release|Any CPU
		{31181518-F388-4CDC-8171-CB335FDCCEC1}.Release|Any CPU.Build.0 = Release|Any CPU
		{26750F71-D7D7-4470-9F1D-F6A2B5DFA4DD}.Debug|Any CPU.ActiveCfg = Debug|Any CPU
		{26750F71-D7D7-4470-9F1D-F6A2B5DFA4DD}.Debug|Any CPU.Build.0 = Debug|Any CPU
		{26750F71-D7D7-4470-9F1D-F6A2B5DFA4DD}.Release|Any CPU.ActiveCfg = Release|Any CPU
		{26750F71-D7D7-4470-9F1D-F6A2B5DFA4DD}.Release|Any CPU.Build.0 = Release|Any CPU
		{08C5DD34-8D53-40FA-A722-745311A9CC03}.Debug|Any CPU.ActiveCfg = Debug|Any CPU
		{08C5DD34-8D53-40FA-A722-745311A9CC03}.Debug|Any CPU.Build.0 = Debug|Any CPU
		{08C5DD34-8D53-40FA-A722-745311A9CC03}.Release|Any CPU.ActiveCfg = Release|Any CPU
		{08C5DD34-8D53-40FA-A722-745311A9CC03}.Release|Any CPU.Build.0 = Release|Any CPU
		{94F61F1A-4E99-4EC7-8F0E-DEC467B4108B}.Debug|Any CPU.ActiveCfg = Debug|Any CPU
		{94F61F1A-4E99-4EC7-8F0E-DEC467B4108B}.Debug|Any CPU.Build.0 = Debug|Any CPU
		{94F61F1A-4E99-4EC7-8F0E-DEC467B4108B}.Release|Any CPU.ActiveCfg = Release|Any CPU
		{94F61F1A-4E99-4EC7-8F0E-DEC467B4108B}.Release|Any CPU.Build.0 = Release|Any CPU
		{74E08CAF-5515-4114-81D2-DBD55069C80D}.Debug|Any CPU.ActiveCfg = Debug|Any CPU
		{74E08CAF-5515-4114-81D2-DBD55069C80D}.Debug|Any CPU.Build.0 = Debug|Any CPU
		{74E08CAF-5515-4114-81D2-DBD55069C80D}.Release|Any CPU.ActiveCfg = Release|Any CPU
		{74E08CAF-5515-4114-81D2-DBD55069C80D}.Release|Any CPU.Build.0 = Release|Any CPU
	EndGlobalSection
	GlobalSection(SolutionProperties) = preSolution
		HideSolutionNode = FALSE
	EndGlobalSection
	GlobalSection(NestedProjects) = preSolution
		{A1479735-9EE4-42F1-BA85-26E3FFD67219} = {29AC3D34-7741-4FE3-885D-31F493C53609}
		{5A66CAEC-7B06-4EED-8097-C76EB7E66C72} = {29AC3D34-7741-4FE3-885D-31F493C53609}
		{3B799E0E-1CB2-4949-B039-02C8036F7A5A} = {29AC3D34-7741-4FE3-885D-31F493C53609}
		{8F10CB94-10EC-453E-BBD4-BBE42D76ECBA} = {183D5D86-8703-4D5B-9772-F1AC846CFAD1}
		{427B5B4B-8B07-4FEF-83E7-2CAF9E75B25F} = {183D5D86-8703-4D5B-9772-F1AC846CFAD1}
		{67CDED1C-EA5F-4994-ABF6-0BF88C8F62A3} = {183D5D86-8703-4D5B-9772-F1AC846CFAD1}
		{B55CE71E-F7A7-4627-B23D-CC69394F82F9} = {60B1676C-9BC6-46F0-82DD-D6A5FD3A3E1D}
		{DB115245-269E-47E9-824F-528BE9A17877} = {60B1676C-9BC6-46F0-82DD-D6A5FD3A3E1D}
		{44953E8C-61F9-460B-BE1E-D60B1C02154C} = {60B1676C-9BC6-46F0-82DD-D6A5FD3A3E1D}
		{95E1CF6E-A99C-4663-AFA9-0ACEBA5912F3} = {5CB18598-7540-4B57-8ADB-5B245E2277E4}
		{E8183C19-3061-4052-9259-D251D28A036D} = {5CB18598-7540-4B57-8ADB-5B245E2277E4}
		{F050546F-E66D-4761-B501-18C58FA2A9DB} = {5CB18598-7540-4B57-8ADB-5B245E2277E4}
		{3E5BFD49-931C-4EF5-9A5E-9898686C098E} = {9C59EE8E-2216-465B-BD49-8A55000877B4}
		{D7168B4E-7238-477D-ABA3-C1E83B127A6A} = {9C59EE8E-2216-465B-BD49-8A55000877B4}
		{FD4A29EB-96E5-4A9F-B8DB-2A3E50D585D9} = {9C59EE8E-2216-465B-BD49-8A55000877B4}
		{5808F006-24AE-4457-ABB6-E8951AD20CB0} = {85984D31-3B03-47A7-BB3F-C1946F01E221}
		{31181518-F388-4CDC-8171-CB335FDCCEC1} = {85984D31-3B03-47A7-BB3F-C1946F01E221}
		{26750F71-D7D7-4470-9F1D-F6A2B5DFA4DD} = {85984D31-3B03-47A7-BB3F-C1946F01E221}
		{08C5DD34-8D53-40FA-A722-745311A9CC03} = {18AD8906-40F5-477F-993B-D1C1903C8958}
		{94F61F1A-4E99-4EC7-8F0E-DEC467B4108B} = {18AD8906-40F5-477F-993B-D1C1903C8958}
		{74E08CAF-5515-4114-81D2-DBD55069C80D} = {18AD8906-40F5-477F-993B-D1C1903C8958}
	EndGlobalSection
	GlobalSection(ExtensibilityGlobals) = postSolution
		SolutionGuid = {9A817C90-E93B-4DCA-94B9-65C7CB74D596}
	EndGlobalSection
EndGlobal
